
Microsoft Visual Studio Solution File, Format Version 12.00
# Visual Studio 14
VisualStudioVersion = 14.0.25420.1
MinimumVisualStudioVersion = 10.0.40219.1
Project("{2150E333-8FDC-42A3-9474-1A3956D46DE8}") = "NET", "NET", "{9125DCFF-2041-40FA-8B4D-D19EB77F7B24}"
EndProject
Project("{2150E333-8FDC-42A3-9474-1A3956D46DE8}") = "WPF", "WPF", "{942427F4-3BE9-49F4-9084-86CE08406A89}"
EndProject
Project("{2150E333-8FDC-42A3-9474-1A3956D46DE8}") = "WinForm", "WinForm", "{86F3FF10-931E-4B6C-B114-F4305A9E3E3C}"
EndProject
Project("{FAE04EC0-301F-11D3-BF4B-00C04F79EFBC}") = "ParallelDemo", "ParallelDemo\ParallelDemo.csproj", "{6D3C0CF4-4029-4E7A-A33E-B0D038B3BF92}"
EndProject
Project("{FAE04EC0-301F-11D3-BF4B-00C04F79EFBC}") = "PluginDemo", "PluginDemo\PluginDemo.csproj", "{803E039B-BF06-4D35-966F-0BC4A96D4A98}"
EndProject
Project("{FAE04EC0-301F-11D3-BF4B-00C04F79EFBC}") = "AOPDemo", "AOPDemo\AOPDemo.csproj", "{04412CBA-9B27-4A99-BEA9-8432CB370055}"
EndProject
Project("{FAE04EC0-301F-11D3-BF4B-00C04F79EFBC}") = "PluginDemo.NewDomain", "PluginDemo.NewDomain\PluginDemo.NewDomain.csproj", "{60D4EE42-C507-41B3-ADF5-432AD02A6FED}"
EndProject
Project("{FAE04EC0-301F-11D3-BF4B-00C04F79EFBC}") = "DropDownCustomColorPicker", "DropDownCustomColorPicker\DropDownCustomColorPicker.csproj", "{FD2EC7D4-4316-4F8F-8108-8381F0B4B340}"
EndProject
Project("{FAE04EC0-301F-11D3-BF4B-00C04F79EFBC}") = "DropDownCustomColorPicker.Test", "DropDownCustomColorPicker.Test\DropDownCustomColorPicker.Test.csproj", "{46B3AA45-E0B3-4D68-B91A-878D2DA7A0C9}"
EndProject
Project("{2150E333-8FDC-42A3-9474-1A3956D46DE8}") = "Solution Items", "Solution Items", "{B8C7778C-C449-4D34-86C1-6AA314A3AC84}"
	ProjectSection(SolutionItems) = preProject
		readme.txt = readme.txt
	EndProjectSection
EndProject
Project("{FAE04EC0-301F-11D3-BF4B-00C04F79EFBC}") = "CaptureWindowDemo", "CaptureWindowDemo\CaptureWindowDemo.csproj", "{5F8BE534-08E0-488A-B2A6-DA301C3E91FA}"
EndProject
Global
	GlobalSection(SolutionConfigurationPlatforms) = preSolution
		Debug|Any CPU = Debug|Any CPU
		Release|Any CPU = Release|Any CPU
	EndGlobalSection
	GlobalSection(ProjectConfigurationPlatforms) = postSolution
		{6D3C0CF4-4029-4E7A-A33E-B0D038B3BF92}.Debug|Any CPU.ActiveCfg = Debug|Any CPU
		{6D3C0CF4-4029-4E7A-A33E-B0D038B3BF92}.Debug|Any CPU.Build.0 = Debug|Any CPU
		{6D3C0CF4-4029-4E7A-A33E-B0D038B3BF92}.Release|Any CPU.ActiveCfg = Release|Any CPU
		{6D3C0CF4-4029-4E7A-A33E-B0D038B3BF92}.Release|Any CPU.Build.0 = Release|Any CPU
		{803E039B-BF06-4D35-966F-0BC4A96D4A98}.Debug|Any CPU.ActiveCfg = Debug|Any CPU
		{803E039B-BF06-4D35-966F-0BC4A96D4A98}.Debug|Any CPU.Build.0 = Debug|Any CPU
		{803E039B-BF06-4D35-966F-0BC4A96D4A98}.Release|Any CPU.ActiveCfg = Release|Any CPU
		{803E039B-BF06-4D35-966F-0BC4A96D4A98}.Release|Any CPU.Build.0 = Release|Any CPU
		{04412CBA-9B27-4A99-BEA9-8432CB370055}.Debug|Any CPU.ActiveCfg = Debug|Any CPU
		{04412CBA-9B27-4A99-BEA9-8432CB370055}.Debug|Any CPU.Build.0 = Debug|Any CPU
		{04412CBA-9B27-4A99-BEA9-8432CB370055}.Release|Any CPU.ActiveCfg = Release|Any CPU
		{04412CBA-9B27-4A99-BEA9-8432CB370055}.Release|Any CPU.Build.0 = Release|Any CPU
		{60D4EE42-C507-41B3-ADF5-432AD02A6FED}.Debug|Any CPU.ActiveCfg = Debug|Any CPU
		{60D4EE42-C507-41B3-ADF5-432AD02A6FED}.Debug|Any CPU.Build.0 = Debug|Any CPU
		{60D4EE42-C507-41B3-ADF5-432AD02A6FED}.Release|Any CPU.ActiveCfg = Release|Any CPU
		{60D4EE42-C507-41B3-ADF5-432AD02A6FED}.Release|Any CPU.Build.0 = Release|Any CPU
		{FD2EC7D4-4316-4F8F-8108-8381F0B4B340}.Debug|Any CPU.ActiveCfg = Debug|Any CPU
		{FD2EC7D4-4316-4F8F-8108-8381F0B4B340}.Debug|Any CPU.Build.0 = Debug|Any CPU
		{FD2EC7D4-4316-4F8F-8108-8381F0B4B340}.Release|Any CPU.ActiveCfg = Release|Any CPU
		{FD2EC7D4-4316-4F8F-8108-8381F0B4B340}.Release|Any CPU.Build.0 = Release|Any CPU
		{46B3AA45-E0B3-4D68-B91A-878D2DA7A0C9}.Debug|Any CPU.ActiveCfg = Debug|Any CPU
		{46B3AA45-E0B3-4D68-B91A-878D2DA7A0C9}.Debug|Any CPU.Build.0 = Debug|Any CPU
		{46B3AA45-E0B3-4D68-B91A-878D2DA7A0C9}.Release|Any CPU.ActiveCfg = Release|Any CPU
		{46B3AA45-E0B3-4D68-B91A-878D2DA7A0C9}.Release|Any CPU.Build.0 = Release|Any CPU
		{5F8BE534-08E0-488A-B2A6-DA301C3E91FA}.Debug|Any CPU.ActiveCfg = Debug|Any CPU
		{5F8BE534-08E0-488A-B2A6-DA301C3E91FA}.Debug|Any CPU.Build.0 = Debug|Any CPU
		{5F8BE534-08E0-488A-B2A6-DA301C3E91FA}.Release|Any CPU.ActiveCfg = Release|Any CPU
		{5F8BE534-08E0-488A-B2A6-DA301C3E91FA}.Release|Any CPU.Build.0 = Release|Any CPU
	EndGlobalSection
	GlobalSection(SolutionProperties) = preSolution
		HideSolutionNode = FALSE
	EndGlobalSection
	GlobalSection(NestedProjects) = preSolution
		{6D3C0CF4-4029-4E7A-A33E-B0D038B3BF92} = {9125DCFF-2041-40FA-8B4D-D19EB77F7B24}
		{803E039B-BF06-4D35-966F-0BC4A96D4A98} = {9125DCFF-2041-40FA-8B4D-D19EB77F7B24}
		{04412CBA-9B27-4A99-BEA9-8432CB370055} = {9125DCFF-2041-40FA-8B4D-D19EB77F7B24}
		{60D4EE42-C507-41B3-ADF5-432AD02A6FED} = {9125DCFF-2041-40FA-8B4D-D19EB77F7B24}
		{FD2EC7D4-4316-4F8F-8108-8381F0B4B340} = {942427F4-3BE9-49F4-9084-86CE08406A89}
		{46B3AA45-E0B3-4D68-B91A-878D2DA7A0C9} = {942427F4-3BE9-49F4-9084-86CE08406A89}
		{5F8BE534-08E0-488A-B2A6-DA301C3E91FA} = {9125DCFF-2041-40FA-8B4D-D19EB77F7B24}
	EndGlobalSection
EndGlobal
